
Microsoft Visual Studio Solution File, Format Version 12.00
# Visual Studio Version 17
VisualStudioVersion = 17.2.32630.192
MinimumVisualStudioVersion = 10.0.40219.1
Project("{9A19103F-16F7-4668-BE54-9A1E7A4F7556}") = "R5T.T0207", "R5T.T0207\R5T.T0207.csproj", "{E3C1590F-E640-4D24-961B-5056CD2A9FEB}"
EndProject
Global
	GlobalSection(SolutionConfigurationPlatforms) = preSolution
		Debug|Any CPU = Debug|Any CPU
		Release|Any CPU = Release|Any CPU
	EndGlobalSection
	GlobalSection(ProjectConfigurationPlatforms) = postSolution
		{E3C1590F-E640-4D24-961B-5056CD2A9FEB}.Debug|Any CPU.ActiveCfg = Debug|Any CPU
		{E3C1590F-E640-4D24-961B-5056CD2A9FEB}.Debug|Any CPU.Build.0 = Debug|Any CPU
		{E3C1590F-E640-4D24-961B-5056CD2A9FEB}.Release|Any CPU.ActiveCfg = Release|Any CPU
		{E3C1590F-E640-4D24-961B-5056CD2A9FEB}.Release|Any CPU.Build.0 = Release|Any CPU
	EndGlobalSection
	GlobalSection(SolutionProperties) = preSolution
		HideSolutionNode = FALSE
	EndGlobalSection
	GlobalSection(ExtensibilityGlobals) = postSolution
		SolutionGuid = {810787DB-ECEB-4781-901D-FA1972C09265}
	EndGlobalSection
EndGlobal
