
Microsoft Visual Studio Solution File, Format Version 12.00
# Visual Studio Version 17
VisualStudioVersion = 17.2.32630.192
MinimumVisualStudioVersion = 10.0.40219.1
Project("{9A19103F-16F7-4668-BE54-9A1E7A4F7556}") = "R5T.T0207", "R5T.T0207\R5T.T0207.csproj", "{E3C1590F-E640-4D24-961B-5056CD2A9FEB}"
EndProject
Project("{2150E333-8FDC-42A3-9474-1A3956D46DE8}") = "_Dependencies", "_Dependencies", "{AFB41BE2-4FF7-4E67-9E2C-FA4C8F6318CD}"
EndProject
Project("{9A19103F-16F7-4668-BE54-9A1E7A4F7556}") = "R5T.T0142", "..\..\R5T.T0142\source\R5T.T0142\R5T.T0142.csproj", "{68AF286C-292E-4CC3-A0B6-790CB3A1713B}"
EndProject
Project("{9A19103F-16F7-4668-BE54-9A1E7A4F7556}") = "R5T.T0143", "..\..\R5T.T0143\source\R5T.T0143\R5T.T0143.csproj", "{EDE92588-534B-4657-BF31-40577E28E38F}"
EndProject
Project("{9A19103F-16F7-4668-BE54-9A1E7A4F7556}") = "R5T.T0132", "..\..\R5T.T0132\source\R5T.T0132\R5T.T0132.csproj", "{855AEF76-285C-475F-A791-63BF0BF3A627}"
EndProject
Project("{9A19103F-16F7-4668-BE54-9A1E7A4F7556}") = "R5T.T0178", "..\..\R5T.T0178\source\R5T.T0178\R5T.T0178.csproj", "{4A693868-E06A-495D-AF09-BE0D4F2BABC5}"
EndProject
Project("{9A19103F-16F7-4668-BE54-9A1E7A4F7556}") = "R5T.T0179", "..\..\R5T.T0179\source\R5T.T0179\R5T.T0179.csproj", "{757E5151-4C99-4B5A-857F-6B63A738667A}"
EndProject
Project("{9A19103F-16F7-4668-BE54-9A1E7A4F7556}") = "R5T.T0185", "..\..\R5T.T0185\source\R5T.T0185\R5T.T0185.csproj", "{CDE1D2DA-7564-4F09-A74A-F3268EF1FD09}"
EndProject
Project("{9A19103F-16F7-4668-BE54-9A1E7A4F7556}") = "R5T.T0187", "..\..\R5T.T0187\source\R5T.T0187\R5T.T0187.csproj", "{36BAF5E2-2589-4A82-AFFE-9803D1912A27}"
EndProject
Project("{9A19103F-16F7-4668-BE54-9A1E7A4F7556}") = "R5T.T0204", "..\..\R5T.T0204\source\R5T.T0204\R5T.T0204.csproj", "{21FCF13D-4213-4440-9893-AB927959ADBA}"
EndProject
Global
	GlobalSection(NestedProjects) = preSolution
		{68AF286C-292E-4CC3-A0B6-790CB3A1713B} = {AFB41BE2-4FF7-4E67-9E2C-FA4C8F6318CD}
		{EDE92588-534B-4657-BF31-40577E28E38F} = {AFB41BE2-4FF7-4E67-9E2C-FA4C8F6318CD}
		{855AEF76-285C-475F-A791-63BF0BF3A627} = {AFB41BE2-4FF7-4E67-9E2C-FA4C8F6318CD}
		{4A693868-E06A-495D-AF09-BE0D4F2BABC5} = {AFB41BE2-4FF7-4E67-9E2C-FA4C8F6318CD}
		{757E5151-4C99-4B5A-857F-6B63A738667A} = {AFB41BE2-4FF7-4E67-9E2C-FA4C8F6318CD}
		{CDE1D2DA-7564-4F09-A74A-F3268EF1FD09} = {AFB41BE2-4FF7-4E67-9E2C-FA4C8F6318CD}
		{36BAF5E2-2589-4A82-AFFE-9803D1912A27} = {AFB41BE2-4FF7-4E67-9E2C-FA4C8F6318CD}
		{21FCF13D-4213-4440-9893-AB927959ADBA} = {AFB41BE2-4FF7-4E67-9E2C-FA4C8F6318CD}
	EndGlobalSection
	GlobalSection(SolutionConfigurationPlatforms) = preSolution
		Debug|Any CPU = Debug|Any CPU
		Release|Any CPU = Release|Any CPU
	EndGlobalSection
	GlobalSection(ProjectConfigurationPlatforms) = postSolution
		{E3C1590F-E640-4D24-961B-5056CD2A9FEB}.Debug|Any CPU.ActiveCfg = Debug|Any CPU
		{E3C1590F-E640-4D24-961B-5056CD2A9FEB}.Debug|Any CPU.Build.0 = Debug|Any CPU
		{E3C1590F-E640-4D24-961B-5056CD2A9FEB}.Release|Any CPU.ActiveCfg = Release|Any CPU
		{E3C1590F-E640-4D24-961B-5056CD2A9FEB}.Release|Any CPU.Build.0 = Release|Any CPU
		{68AF286C-292E-4CC3-A0B6-790CB3A1713B}.Debug|Any CPU.ActiveCfg = Debug|Any CPU
		{68AF286C-292E-4CC3-A0B6-790CB3A1713B}.Debug|Any CPU.Build.0 = Debug|Any CPU
		{68AF286C-292E-4CC3-A0B6-790CB3A1713B}.Release|Any CPU.ActiveCfg = Release|Any CPU
		{68AF286C-292E-4CC3-A0B6-790CB3A1713B}.Release|Any CPU.Build.0 = Release|Any CPU
		{EDE92588-534B-4657-BF31-40577E28E38F}.Debug|Any CPU.ActiveCfg = Debug|Any CPU
		{EDE92588-534B-4657-BF31-40577E28E38F}.Debug|Any CPU.Build.0 = Debug|Any CPU
		{EDE92588-534B-4657-BF31-40577E28E38F}.Release|Any CPU.ActiveCfg = Release|Any CPU
		{EDE92588-534B-4657-BF31-40577E28E38F}.Release|Any CPU.Build.0 = Release|Any CPU
		{855AEF76-285C-475F-A791-63BF0BF3A627}.Debug|Any CPU.ActiveCfg = Debug|Any CPU
		{855AEF76-285C-475F-A791-63BF0BF3A627}.Debug|Any CPU.Build.0 = Debug|Any CPU
		{855AEF76-285C-475F-A791-63BF0BF3A627}.Release|Any CPU.ActiveCfg = Release|Any CPU
		{855AEF76-285C-475F-A791-63BF0BF3A627}.Release|Any CPU.Build.0 = Release|Any CPU
		{4A693868-E06A-495D-AF09-BE0D4F2BABC5}.Debug|Any CPU.ActiveCfg = Debug|Any CPU
		{4A693868-E06A-495D-AF09-BE0D4F2BABC5}.Debug|Any CPU.Build.0 = Debug|Any CPU
		{4A693868-E06A-495D-AF09-BE0D4F2BABC5}.Release|Any CPU.ActiveCfg = Release|Any CPU
		{4A693868-E06A-495D-AF09-BE0D4F2BABC5}.Release|Any CPU.Build.0 = Release|Any CPU
		{757E5151-4C99-4B5A-857F-6B63A738667A}.Debug|Any CPU.ActiveCfg = Debug|Any CPU
		{757E5151-4C99-4B5A-857F-6B63A738667A}.Debug|Any CPU.Build.0 = Debug|Any CPU
		{757E5151-4C99-4B5A-857F-6B63A738667A}.Release|Any CPU.ActiveCfg = Release|Any CPU
		{757E5151-4C99-4B5A-857F-6B63A738667A}.Release|Any CPU.Build.0 = Release|Any CPU
		{CDE1D2DA-7564-4F09-A74A-F3268EF1FD09}.Debug|Any CPU.ActiveCfg = Debug|Any CPU
		{CDE1D2DA-7564-4F09-A74A-F3268EF1FD09}.Debug|Any CPU.Build.0 = Debug|Any CPU
		{CDE1D2DA-7564-4F09-A74A-F3268EF1FD09}.Release|Any CPU.ActiveCfg = Release|Any CPU
		{CDE1D2DA-7564-4F09-A74A-F3268EF1FD09}.Release|Any CPU.Build.0 = Release|Any CPU
		{36BAF5E2-2589-4A82-AFFE-9803D1912A27}.Debug|Any CPU.ActiveCfg = Debug|Any CPU
		{36BAF5E2-2589-4A82-AFFE-9803D1912A27}.Debug|Any CPU.Build.0 = Debug|Any CPU
		{36BAF5E2-2589-4A82-AFFE-9803D1912A27}.Release|Any CPU.ActiveCfg = Release|Any CPU
		{36BAF5E2-2589-4A82-AFFE-9803D1912A27}.Release|Any CPU.Build.0 = Release|Any CPU
		{21FCF13D-4213-4440-9893-AB927959ADBA}.Debug|Any CPU.ActiveCfg = Debug|Any CPU
		{21FCF13D-4213-4440-9893-AB927959ADBA}.Debug|Any CPU.Build.0 = Debug|Any CPU
		{21FCF13D-4213-4440-9893-AB927959ADBA}.Release|Any CPU.ActiveCfg = Release|Any CPU
		{21FCF13D-4213-4440-9893-AB927959ADBA}.Release|Any CPU.Build.0 = Release|Any CPU
	EndGlobalSection
	GlobalSection(SolutionProperties) = preSolution
		HideSolutionNode = FALSE
	EndGlobalSection
	GlobalSection(ExtensibilityGlobals) = postSolution
		SolutionGuid = {810787DB-ECEB-4781-901D-FA1972C09265}
	EndGlobalSection
EndGlobal
