
Microsoft Visual Studio Solution File, Format Version 12.00
# Visual Studio Version 17
VisualStudioVersion = 17.2.32630.192
MinimumVisualStudioVersion = 10.0.40219.1
Project("{9A19103F-16F7-4668-BE54-9A1E7A4F7556}") = "R5T.T0207.Construction", "R5T.T0207.Construction\R5T.T0207.Construction.csproj", "{A1C53A5B-1122-43B9-B817-E828D630636E}"
EndProject
Project("{9A19103F-16F7-4668-BE54-9A1E7A4F7556}") = "R5T.T0207", "R5T.T0207\R5T.T0207.csproj", "{E97D815E-CC8D-4D62-B8B1-8458518C780B}"
EndProject
Project("{2150E333-8FDC-42A3-9474-1A3956D46DE8}") = "_Dependencies", "_Dependencies", "{E5020837-3C57-42A6-B75D-8C8EA12EA918}"
EndProject
Project("{9A19103F-16F7-4668-BE54-9A1E7A4F7556}") = "R5T.T0142", "..\..\R5T.T0142\source\R5T.T0142\R5T.T0142.csproj", "{85331DF3-108F-420F-9080-332103D75851}"
EndProject
Project("{9A19103F-16F7-4668-BE54-9A1E7A4F7556}") = "R5T.T0143", "..\..\R5T.T0143\source\R5T.T0143\R5T.T0143.csproj", "{3C643894-F109-4D82-AC50-8A079F2F1CED}"
EndProject
Project("{9A19103F-16F7-4668-BE54-9A1E7A4F7556}") = "R5T.T0132", "..\..\R5T.T0132\source\R5T.T0132\R5T.T0132.csproj", "{47B69D45-6695-449E-AFA9-46776535B213}"
EndProject
Project("{9A19103F-16F7-4668-BE54-9A1E7A4F7556}") = "R5T.T0178", "..\..\R5T.T0178\source\R5T.T0178\R5T.T0178.csproj", "{700EF458-E839-4A56-9844-F429BBE6DA19}"
EndProject
Project("{9A19103F-16F7-4668-BE54-9A1E7A4F7556}") = "R5T.T0179", "..\..\R5T.T0179\source\R5T.T0179\R5T.T0179.csproj", "{99715D0F-D4C4-4C46-B6B7-840CF61BED9E}"
EndProject
Project("{9A19103F-16F7-4668-BE54-9A1E7A4F7556}") = "R5T.T0185", "..\..\R5T.T0185\source\R5T.T0185\R5T.T0185.csproj", "{156093D9-33B8-42B1-ACCA-B422D8A85EFD}"
EndProject
Project("{9A19103F-16F7-4668-BE54-9A1E7A4F7556}") = "R5T.T0187", "..\..\R5T.T0187\source\R5T.T0187\R5T.T0187.csproj", "{7A649DA0-A47B-418D-9764-A7E1A322F18B}"
EndProject
Project("{9A19103F-16F7-4668-BE54-9A1E7A4F7556}") = "R5T.T0204", "..\..\R5T.T0204\source\R5T.T0204\R5T.T0204.csproj", "{9A99990E-CE53-4720-A2BF-C1E886B19A3F}"
EndProject
Global
	GlobalSection(NestedProjects) = preSolution
		{85331DF3-108F-420F-9080-332103D75851} = {E5020837-3C57-42A6-B75D-8C8EA12EA918}
		{3C643894-F109-4D82-AC50-8A079F2F1CED} = {E5020837-3C57-42A6-B75D-8C8EA12EA918}
		{47B69D45-6695-449E-AFA9-46776535B213} = {E5020837-3C57-42A6-B75D-8C8EA12EA918}
		{700EF458-E839-4A56-9844-F429BBE6DA19} = {E5020837-3C57-42A6-B75D-8C8EA12EA918}
		{99715D0F-D4C4-4C46-B6B7-840CF61BED9E} = {E5020837-3C57-42A6-B75D-8C8EA12EA918}
		{156093D9-33B8-42B1-ACCA-B422D8A85EFD} = {E5020837-3C57-42A6-B75D-8C8EA12EA918}
		{7A649DA0-A47B-418D-9764-A7E1A322F18B} = {E5020837-3C57-42A6-B75D-8C8EA12EA918}
		{9A99990E-CE53-4720-A2BF-C1E886B19A3F} = {E5020837-3C57-42A6-B75D-8C8EA12EA918}
	EndGlobalSection
	GlobalSection(SolutionConfigurationPlatforms) = preSolution
		Debug|Any CPU = Debug|Any CPU
		Release|Any CPU = Release|Any CPU
	EndGlobalSection
	GlobalSection(ProjectConfigurationPlatforms) = postSolution
		{A1C53A5B-1122-43B9-B817-E828D630636E}.Debug|Any CPU.ActiveCfg = Debug|Any CPU
		{A1C53A5B-1122-43B9-B817-E828D630636E}.Debug|Any CPU.Build.0 = Debug|Any CPU
		{A1C53A5B-1122-43B9-B817-E828D630636E}.Release|Any CPU.ActiveCfg = Release|Any CPU
		{A1C53A5B-1122-43B9-B817-E828D630636E}.Release|Any CPU.Build.0 = Release|Any CPU
		{E97D815E-CC8D-4D62-B8B1-8458518C780B}.Debug|Any CPU.ActiveCfg = Debug|Any CPU
		{E97D815E-CC8D-4D62-B8B1-8458518C780B}.Debug|Any CPU.Build.0 = Debug|Any CPU
		{E97D815E-CC8D-4D62-B8B1-8458518C780B}.Release|Any CPU.ActiveCfg = Release|Any CPU
		{E97D815E-CC8D-4D62-B8B1-8458518C780B}.Release|Any CPU.Build.0 = Release|Any CPU
		{85331DF3-108F-420F-9080-332103D75851}.Debug|Any CPU.ActiveCfg = Debug|Any CPU
		{85331DF3-108F-420F-9080-332103D75851}.Debug|Any CPU.Build.0 = Debug|Any CPU
		{85331DF3-108F-420F-9080-332103D75851}.Release|Any CPU.ActiveCfg = Release|Any CPU
		{85331DF3-108F-420F-9080-332103D75851}.Release|Any CPU.Build.0 = Release|Any CPU
		{3C643894-F109-4D82-AC50-8A079F2F1CED}.Debug|Any CPU.ActiveCfg = Debug|Any CPU
		{3C643894-F109-4D82-AC50-8A079F2F1CED}.Debug|Any CPU.Build.0 = Debug|Any CPU
		{3C643894-F109-4D82-AC50-8A079F2F1CED}.Release|Any CPU.ActiveCfg = Release|Any CPU
		{3C643894-F109-4D82-AC50-8A079F2F1CED}.Release|Any CPU.Build.0 = Release|Any CPU
		{47B69D45-6695-449E-AFA9-46776535B213}.Debug|Any CPU.ActiveCfg = Debug|Any CPU
		{47B69D45-6695-449E-AFA9-46776535B213}.Debug|Any CPU.Build.0 = Debug|Any CPU
		{47B69D45-6695-449E-AFA9-46776535B213}.Release|Any CPU.ActiveCfg = Release|Any CPU
		{47B69D45-6695-449E-AFA9-46776535B213}.Release|Any CPU.Build.0 = Release|Any CPU
		{700EF458-E839-4A56-9844-F429BBE6DA19}.Debug|Any CPU.ActiveCfg = Debug|Any CPU
		{700EF458-E839-4A56-9844-F429BBE6DA19}.Debug|Any CPU.Build.0 = Debug|Any CPU
		{700EF458-E839-4A56-9844-F429BBE6DA19}.Release|Any CPU.ActiveCfg = Release|Any CPU
		{700EF458-E839-4A56-9844-F429BBE6DA19}.Release|Any CPU.Build.0 = Release|Any CPU
		{99715D0F-D4C4-4C46-B6B7-840CF61BED9E}.Debug|Any CPU.ActiveCfg = Debug|Any CPU
		{99715D0F-D4C4-4C46-B6B7-840CF61BED9E}.Debug|Any CPU.Build.0 = Debug|Any CPU
		{99715D0F-D4C4-4C46-B6B7-840CF61BED9E}.Release|Any CPU.ActiveCfg = Release|Any CPU
		{99715D0F-D4C4-4C46-B6B7-840CF61BED9E}.Release|Any CPU.Build.0 = Release|Any CPU
		{156093D9-33B8-42B1-ACCA-B422D8A85EFD}.Debug|Any CPU.ActiveCfg = Debug|Any CPU
		{156093D9-33B8-42B1-ACCA-B422D8A85EFD}.Debug|Any CPU.Build.0 = Debug|Any CPU
		{156093D9-33B8-42B1-ACCA-B422D8A85EFD}.Release|Any CPU.ActiveCfg = Release|Any CPU
		{156093D9-33B8-42B1-ACCA-B422D8A85EFD}.Release|Any CPU.Build.0 = Release|Any CPU
		{7A649DA0-A47B-418D-9764-A7E1A322F18B}.Debug|Any CPU.ActiveCfg = Debug|Any CPU
		{7A649DA0-A47B-418D-9764-A7E1A322F18B}.Debug|Any CPU.Build.0 = Debug|Any CPU
		{7A649DA0-A47B-418D-9764-A7E1A322F18B}.Release|Any CPU.ActiveCfg = Release|Any CPU
		{7A649DA0-A47B-418D-9764-A7E1A322F18B}.Release|Any CPU.Build.0 = Release|Any CPU
		{9A99990E-CE53-4720-A2BF-C1E886B19A3F}.Debug|Any CPU.ActiveCfg = Debug|Any CPU
		{9A99990E-CE53-4720-A2BF-C1E886B19A3F}.Debug|Any CPU.Build.0 = Debug|Any CPU
		{9A99990E-CE53-4720-A2BF-C1E886B19A3F}.Release|Any CPU.ActiveCfg = Release|Any CPU
		{9A99990E-CE53-4720-A2BF-C1E886B19A3F}.Release|Any CPU.Build.0 = Release|Any CPU
	EndGlobalSection
	GlobalSection(SolutionProperties) = preSolution
		HideSolutionNode = FALSE
	EndGlobalSection
	GlobalSection(ExtensibilityGlobals) = postSolution
		SolutionGuid = {15871125-E5E3-4F6D-80C8-A51A8397DCAB}
	EndGlobalSection
EndGlobal
